
Microsoft Visual Studio Solution File, Format Version 12.00
# Visual Studio 14
VisualStudioVersion = 14.0.25420.1
MinimumVisualStudioVersion = 10.0.40219.1
Project("{FAE04EC0-301F-11D3-BF4B-00C04F79EFBC}") = "WpfApplication1", "WpfApplication1\WpfApplication1.csproj", "{F3B018B2-0B79-431A-8E51-CEB3A3CAE52E}"
EndProject
Global
	GlobalSection(SolutionConfigurationPlatforms) = preSolution
		Debug|Any CPU = Debug|Any CPU
		Release|Any CPU = Release|Any CPU
	EndGlobalSection
	GlobalSection(ProjectConfigurationPlatforms) = postSolution
		{F3B018B2-0B79-431A-8E51-CEB3A3CAE52E}.Debug|Any CPU.ActiveCfg = Debug|Any CPU
		{F3B018B2-0B79-431A-8E51-CEB3A3CAE52E}.Debug|Any CPU.Build.0 = Debug|Any CPU
		{F3B018B2-0B79-431A-8E51-CEB3A3CAE52E}.Release|Any CPU.ActiveCfg = Release|Any CPU
		{F3B018B2-0B79-431A-8E51-CEB3A3CAE52E}.Release|Any CPU.Build.0 = Release|Any CPU
	EndGlobalSection
	GlobalSection(SolutionProperties) = preSolution
		HideSolutionNode = FALSE
	EndGlobalSection
EndGlobal
